<?xml version="1.0" encoding="utf-8"?>
<Project ToolsVersion="4.0" xmlns="http://schemas.microsoft.com/developer/msbuild/2003">
  <ItemGroup>
    <Filter Include="src">
      <UniqueIdentifier>{4FC737F1-C7A5-4376-A066-2A32D752A2FF}</UniqueIdentifier>
      <Extensions>cpp;c;cc;cxx;c++;cppm;ixx;def;odl;idl;hpj;bat;asm;asmx</Extensions>
    </Filter>
    <Filter Include="src\Ch16_Templates_and_Generic_Programming">
      <UniqueIdentifier>{9fc00dff-b2b9-4c65-8bb8-5b15f0b872a5}</UniqueIdentifier>
    </Filter>
    <Filter Include="src\Ch06_Functions">
      <UniqueIdentifier>{dc4d2af9-a24a-4d75-bf4d-3bfcf1111d01}</UniqueIdentifier>
    </Filter>
    <Filter Include="src\Ch14_Overloaded_Operations_and_Conversions">
      <UniqueIdentifier>{5023f5c7-0df3-430e-800a-391ee32ce911}</UniqueIdentifier>
    </Filter>
    <Filter Include="src\Imp">
      <UniqueIdentifier>{9ae4674e-afc1-4e38-97b6-d165202556e7}</UniqueIdentifier>
    </Filter>
    <Filter Include="src\Ch16_Templates_and_Generic_Programming\template specialization">
      <UniqueIdentifier>{79e318af-75cd-49eb-b5d8-57655a187cfa}</UniqueIdentifier>
    </Filter>
    <Filter Include="src\EffectiveCpp">
      <UniqueIdentifier>{ad65658d-299c-4a65-9b07-4025fdf3ffd4}</UniqueIdentifier>
    </Filter>
  </ItemGroup>
  <ItemGroup>
    <ClCompile Include="src\main.cpp">
      <Filter>src</Filter>
    </ClCompile>
    <ClCompile Include="src\Ch16_Templates_and_Generic_Programming\StrVec.cpp">
      <Filter>src\Ch16_Templates_and_Generic_Programming</Filter>
    </ClCompile>
    <ClCompile Include="src\Ch16_Templates_and_Generic_Programming\Sales_data.cpp">
      <Filter>src\Ch16_Templates_and_Generic_Programming\template specialization</Filter>
    </ClCompile>
    <ClCompile Include="src\Ch14_Overload_Operations_and_Conversions\book.cpp">
      <Filter>src\Ch14_Overloaded_Operations_and_Conversions</Filter>
    </ClCompile>
    <ClCompile Include="src\Ch14_Overload_Operations_and_Conversions\String.cpp">
      <Filter>src\Ch14_Overloaded_Operations_and_Conversions</Filter>
    </ClCompile>
    <ClCompile Include="src\Ch14_Overload_Operations_and_Conversions\StrBlob.cpp">
      <Filter>src\Ch14_Overloaded_Operations_and_Conversions</Filter>
    </ClCompile>
    <ClCompile Include="src\EffectiveCpp\Item2.cpp">
      <Filter>src\EffectiveCpp</Filter>
    </ClCompile>
  </ItemGroup>
  <ItemGroup>
    <ClInclude Include="src\Ch16_Templates_and_Generic_Programming\nontype_parameter.h">
      <Filter>src\Ch16_Templates_and_Generic_Programming</Filter>
    </ClInclude>
    <ClInclude Include="src\Ch06_Functions\variable_param_example.h">
      <Filter>src\Ch06_Functions</Filter>
    </ClInclude>
    <ClInclude Include="src\Ch16_Templates_and_Generic_Programming\blob.h">
      <Filter>src\Ch16_Templates_and_Generic_Programming</Filter>
    </ClInclude>
    <ClInclude Include="src\util.h">
      <Filter>src</Filter>
    </ClInclude>
    <ClInclude Include="src\Ch16_Templates_and_Generic_Programming\screen.h">
      <Filter>src\Ch16_Templates_and_Generic_Programming</Filter>
    </ClInclude>
    <ClInclude Include="src\Ch16_Templates_and_Generic_Programming\vec.h">
      <Filter>src\Ch16_Templates_and_Generic_Programming</Filter>
    </ClInclude>
    <ClInclude Include="src\Ch16_Templates_and_Generic_Programming\DebugDelete.h">
      <Filter>src\Ch16_Templates_and_Generic_Programming</Filter>
    </ClInclude>
    <ClInclude Include="src\Ch16_Templates_and_Generic_Programming\variadic_template.h">
      <Filter>src\Ch16_Templates_and_Generic_Programming</Filter>
    </ClInclude>
    <ClInclude Include="src\Ch16_Templates_and_Generic_Programming\tempate_overload.h">
      <Filter>src\Ch16_Templates_and_Generic_Programming</Filter>
    </ClInclude>
    <ClInclude Include="src\Ch16_Templates_and_Generic_Programming\StrVec.h">
      <Filter>src\Ch16_Templates_and_Generic_Programming</Filter>
    </ClInclude>
    <ClInclude Include="src\Ch16_Templates_and_Generic_Programming\tail_return.h">
      <Filter>src\Ch16_Templates_and_Generic_Programming</Filter>
    </ClInclude>
    <ClInclude Include="src\Imp\simple_cache.h">
      <Filter>src\Imp</Filter>
    </ClInclude>
    <ClInclude Include="src\Ch16_Templates_and_Generic_Programming\Sales_data.h">
      <Filter>src\Ch16_Templates_and_Generic_Programming\template specialization</Filter>
    </ClInclude>
    <ClInclude Include="src\Ch14_Overload_Operations_and_Conversions\book.h">
      <Filter>src\Ch14_Overloaded_Operations_and_Conversions</Filter>
    </ClInclude>
    <ClInclude Include="src\Ch14_Overload_Operations_and_Conversions\String.h">
      <Filter>src\Ch14_Overloaded_Operations_and_Conversions</Filter>
    </ClInclude>
    <ClInclude Include="src\Ch14_Overload_Operations_and_Conversions\StrBlob.h">
      <Filter>src\Ch14_Overloaded_Operations_and_Conversions</Filter>
    </ClInclude>
    <ClInclude Include="src\EffectiveCpp\Item2.h">
      <Filter>src\EffectiveCpp</Filter>
    </ClInclude>
  </ItemGroup>
  <ItemGroup>
    <None Include="README.md" />
  </ItemGroup>
</Project>